Microsoft Visual Studio Solution File, Format Version 11.00
# Visual Studio 2010
Project("{FAE04EC0-301F-11D3-BF4B-00C04F79EFBC}") = "Eurosim.Core", "..\Core\Eurosim.Core.csproj", "{B2C2FB2D-01EC-4F73-8D6D-44AC50289832}"
EndProject
Project("{FAE04EC0-301F-11D3-BF4B-00C04F79EFBC}") = "AIRLab", "..\Dependencies\AIRLab\AIRLab\AIRLab.csproj", "{20CB12B3-6B71-4E2D-AED8-9C76578885D5}"
EndProject
Project("{FAE04EC0-301F-11D3-BF4B-00C04F79EFBC}") = "EurosimNetworkClient", "..\EurosimNetworkClient\EurosimNetworkClient.csproj", "{0BC7AAAD-CACA-4569-8F7C-44277D0402D7}"
EndProject
Project("{FAE04EC0-301F-11D3-BF4B-00C04F79EFBC}") = "EurosimStandalone", "..\Standalone\EurosimStandalone.csproj", "{150E529F-63A7-4FCE-836A-B51C015B9455}"
EndProject
Project("{FAE04EC0-301F-11D3-BF4B-00C04F79EFBC}") = "EurosimNetworkServer", "..\Server\EurosimNetworkServer.csproj", "{546167AE-FF6D-4115-8481-0220BB0FFB01}"
EndProject
Project("{FAE04EC0-301F-11D3-BF4B-00C04F79EFBC}") = "Eurosim.Engine", "..\Engine\Eurosim.Engine.csproj", "{A316853C-7F60-4C7F-8FB5-6BAFBC417A68}"
EndProject
Project("{FAE04EC0-301F-11D3-BF4B-00C04F79EFBC}") = "EurosimReplayer", "..\Replayer\EurosimReplayer.csproj", "{F9B60B26-941B-4DC7-892F-57ED1BC8C7D6}"
	ProjectSection(ProjectDependencies) = postProject
		{B2C2FB2D-01EC-4F73-8D6D-44AC50289832} = {B2C2FB2D-01EC-4F73-8D6D-44AC50289832}
		{5C156196-541B-48DE-96DD-EBDA137D1751} = {5C156196-541B-48DE-96DD-EBDA137D1751}
		{150E529F-63A7-4FCE-836A-B51C015B9455} = {150E529F-63A7-4FCE-836A-B51C015B9455}
		{0BC7AAAD-CACA-4569-8F7C-44277D0402D7} = {0BC7AAAD-CACA-4569-8F7C-44277D0402D7}
		{546167AE-FF6D-4115-8481-0220BB0FFB01} = {546167AE-FF6D-4115-8481-0220BB0FFB01}
		{33F7D4BA-738E-4DBB-B0B1-B94574C98C7C} = {33F7D4BA-738E-4DBB-B0B1-B94574C98C7C}
		{28D60DEC-3E5F-4E3F-9990-F00EA2914921} = {28D60DEC-3E5F-4E3F-9990-F00EA2914921}
	EndProjectSection
EndProject
Project("{FAE04EC0-301F-11D3-BF4B-00C04F79EFBC}") = "EurosimClientLib", "..\ClientLib\EurosimClientLib.csproj", "{5C156196-541B-48DE-96DD-EBDA137D1751}"
EndProject
Project("{FAE04EC0-301F-11D3-BF4B-00C04F79EFBC}") = "Eurosim", "..\Eurosim\Eurosim.csproj", "{28D60DEC-3E5F-4E3F-9990-F00EA2914921}"
EndProject
Project("{FAE04EC0-301F-11D3-BF4B-00C04F79EFBC}") = "Graphics.Winforms", "..\Graphics.Winforms\Graphics.Winforms.csproj", "{33F7D4BA-738E-4DBB-B0B1-B94574C98C7C}"
EndProject
Project("{FAE04EC0-301F-11D3-BF4B-00C04F79EFBC}") = "Graphics.Plus", "..\Graphics.Plus\Graphics.Plus.csproj", "{4DC31792-DB9F-4A7E-9454-473A030076DB}"
EndProject
Project("{FAE04EC0-301F-11D3-BF4B-00C04F79EFBC}") = "Engine.TestPolygon", "..\Engine.TestPolygon\Engine.TestPolygon.csproj", "{965642A6-D458-4A44-B5E6-3BAED9E8470E}"
EndProject
Global
	GlobalSection(SolutionConfigurationPlatforms) = preSolution
		Debug|Any CPU = Debug|Any CPU
		Debug|Mixed Platforms = Debug|Mixed Platforms
		Debug|x86 = Debug|x86
		Release|Any CPU = Release|Any CPU
		Release|Mixed Platforms = Release|Mixed Platforms
		Release|x86 = Release|x86
	EndGlobalSection
	GlobalSection(ProjectConfigurationPlatforms) = postSolution
		{B2C2FB2D-01EC-4F73-8D6D-44AC50289832}.Debug|Any CPU.ActiveCfg = Debug|Any CPU
		{B2C2FB2D-01EC-4F73-8D6D-44AC50289832}.Debug|Any CPU.Build.0 = Debug|Any CPU
		{B2C2FB2D-01EC-4F73-8D6D-44AC50289832}.Debug|Mixed Platforms.ActiveCfg = Debug|x86
		{B2C2FB2D-01EC-4F73-8D6D-44AC50289832}.Debug|Mixed Platforms.Build.0 = Debug|x86
		{B2C2FB2D-01EC-4F73-8D6D-44AC50289832}.Debug|x86.ActiveCfg = Debug|x86
		{B2C2FB2D-01EC-4F73-8D6D-44AC50289832}.Debug|x86.Build.0 = Debug|x86
		{B2C2FB2D-01EC-4F73-8D6D-44AC50289832}.Release|Any CPU.ActiveCfg = Release|Any CPU
		{B2C2FB2D-01EC-4F73-8D6D-44AC50289832}.Release|Any CPU.Build.0 = Release|Any CPU
		{B2C2FB2D-01EC-4F73-8D6D-44AC50289832}.Release|Mixed Platforms.ActiveCfg = Release|x86
		{B2C2FB2D-01EC-4F73-8D6D-44AC50289832}.Release|Mixed Platforms.Build.0 = Release|x86
		{B2C2FB2D-01EC-4F73-8D6D-44AC50289832}.Release|x86.ActiveCfg = Release|x86
		{B2C2FB2D-01EC-4F73-8D6D-44AC50289832}.Release|x86.Build.0 = Release|x86
		{20CB12B3-6B71-4E2D-AED8-9C76578885D5}.Debug|Any CPU.ActiveCfg = Debug|Any CPU
		{20CB12B3-6B71-4E2D-AED8-9C76578885D5}.Debug|Any CPU.Build.0 = Debug|Any CPU
		{20CB12B3-6B71-4E2D-AED8-9C76578885D5}.Debug|Mixed Platforms.ActiveCfg = Debug|Any CPU
		{20CB12B3-6B71-4E2D-AED8-9C76578885D5}.Debug|Mixed Platforms.Build.0 = Debug|Any CPU
		{20CB12B3-6B71-4E2D-AED8-9C76578885D5}.Debug|x86.ActiveCfg = Debug|Any CPU
		{20CB12B3-6B71-4E2D-AED8-9C76578885D5}.Debug|x86.Build.0 = Debug|Any CPU
		{20CB12B3-6B71-4E2D-AED8-9C76578885D5}.Release|Any CPU.ActiveCfg = Release|Any CPU
		{20CB12B3-6B71-4E2D-AED8-9C76578885D5}.Release|Any CPU.Build.0 = Release|Any CPU
		{20CB12B3-6B71-4E2D-AED8-9C76578885D5}.Release|Mixed Platforms.ActiveCfg = Release|Any CPU
		{20CB12B3-6B71-4E2D-AED8-9C76578885D5}.Release|Mixed Platforms.Build.0 = Release|Any CPU
		{20CB12B3-6B71-4E2D-AED8-9C76578885D5}.Release|x86.ActiveCfg = Release|Any CPU
		{20CB12B3-6B71-4E2D-AED8-9C76578885D5}.Release|x86.Build.0 = Release|Any CPU
		{0BC7AAAD-CACA-4569-8F7C-44277D0402D7}.Debug|Any CPU.ActiveCfg = Debug|Any CPU
		{0BC7AAAD-CACA-4569-8F7C-44277D0402D7}.Debug|Any CPU.Build.0 = Debug|Any CPU
		{0BC7AAAD-CACA-4569-8F7C-44277D0402D7}.Debug|Mixed Platforms.ActiveCfg = Debug|Any CPU
		{0BC7AAAD-CACA-4569-8F7C-44277D0402D7}.Debug|Mixed Platforms.Build.0 = Debug|Any CPU
		{0BC7AAAD-CACA-4569-8F7C-44277D0402D7}.Debug|x86.ActiveCfg = Debug|Any CPU
		{0BC7AAAD-CACA-4569-8F7C-44277D0402D7}.Debug|x86.Build.0 = Debug|Any CPU
		{0BC7AAAD-CACA-4569-8F7C-44277D0402D7}.Release|Any CPU.ActiveCfg = Release|Any CPU
		{0BC7AAAD-CACA-4569-8F7C-44277D0402D7}.Release|Any CPU.Build.0 = Release|Any CPU
		{0BC7AAAD-CACA-4569-8F7C-44277D0402D7}.Release|Mixed Platforms.ActiveCfg = Release|Any CPU
		{0BC7AAAD-CACA-4569-8F7C-44277D0402D7}.Release|Mixed Platforms.Build.0 = Release|Any CPU
		{0BC7AAAD-CACA-4569-8F7C-44277D0402D7}.Release|x86.ActiveCfg = Release|Any CPU
		{0BC7AAAD-CACA-4569-8F7C-44277D0402D7}.Release|x86.Build.0 = Release|Any CPU
		{150E529F-63A7-4FCE-836A-B51C015B9455}.Debug|Any CPU.ActiveCfg = Debug|Any CPU
		{150E529F-63A7-4FCE-836A-B51C015B9455}.Debug|Any CPU.Build.0 = Debug|Any CPU
		{150E529F-63A7-4FCE-836A-B51C015B9455}.Debug|Mixed Platforms.ActiveCfg = Debug|x86
		{150E529F-63A7-4FCE-836A-B51C015B9455}.Debug|Mixed Platforms.Build.0 = Debug|x86
		{150E529F-63A7-4FCE-836A-B51C015B9455}.Debug|x86.ActiveCfg = Debug|x86
		{150E529F-63A7-4FCE-836A-B51C015B9455}.Debug|x86.Build.0 = Debug|x86
		{150E529F-63A7-4FCE-836A-B51C015B9455}.Release|Any CPU.ActiveCfg = Release|Any CPU
		{150E529F-63A7-4FCE-836A-B51C015B9455}.Release|Any CPU.Build.0 = Release|Any CPU
		{150E529F-63A7-4FCE-836A-B51C015B9455}.Release|Mixed Platforms.ActiveCfg = Release|x86
		{150E529F-63A7-4FCE-836A-B51C015B9455}.Release|Mixed Platforms.Build.0 = Release|x86
		{150E529F-63A7-4FCE-836A-B51C015B9455}.Release|x86.ActiveCfg = Release|x86
		{150E529F-63A7-4FCE-836A-B51C015B9455}.Release|x86.Build.0 = Release|x86
		{546167AE-FF6D-4115-8481-0220BB0FFB01}.Debug|Any CPU.ActiveCfg = Debug|Any CPU
		{546167AE-FF6D-4115-8481-0220BB0FFB01}.Debug|Any CPU.Build.0 = Debug|Any CPU
		{546167AE-FF6D-4115-8481-0220BB0FFB01}.Debug|Mixed Platforms.ActiveCfg = Debug|x86
		{546167AE-FF6D-4115-8481-0220BB0FFB01}.Debug|Mixed Platforms.Build.0 = Debug|x86
		{546167AE-FF6D-4115-8481-0220BB0FFB01}.Debug|x86.ActiveCfg = Debug|x86
		{546167AE-FF6D-4115-8481-0220BB0FFB01}.Debug|x86.Build.0 = Debug|x86
		{546167AE-FF6D-4115-8481-0220BB0FFB01}.Release|Any CPU.ActiveCfg = Release|Any CPU
		{546167AE-FF6D-4115-8481-0220BB0FFB01}.Release|Any CPU.Build.0 = Release|Any CPU
		{546167AE-FF6D-4115-8481-0220BB0FFB01}.Release|Mixed Platforms.ActiveCfg = Release|x86
		{546167AE-FF6D-4115-8481-0220BB0FFB01}.Release|Mixed Platforms.Build.0 = Release|x86
		{546167AE-FF6D-4115-8481-0220BB0FFB01}.Release|x86.ActiveCfg = Release|x86
		{546167AE-FF6D-4115-8481-0220BB0FFB01}.Release|x86.Build.0 = Release|x86
		{A316853C-7F60-4C7F-8FB5-6BAFBC417A68}.Debug|Any CPU.ActiveCfg = Debug|Any CPU
		{A316853C-7F60-4C7F-8FB5-6BAFBC417A68}.Debug|Any CPU.Build.0 = Debug|Any CPU
		{A316853C-7F60-4C7F-8FB5-6BAFBC417A68}.Debug|Mixed Platforms.ActiveCfg = Debug|x86
		{A316853C-7F60-4C7F-8FB5-6BAFBC417A68}.Debug|Mixed Platforms.Build.0 = Debug|x86
		{A316853C-7F60-4C7F-8FB5-6BAFBC417A68}.Debug|x86.ActiveCfg = Debug|x86
		{A316853C-7F60-4C7F-8FB5-6BAFBC417A68}.Debug|x86.Build.0 = Debug|x86
		{A316853C-7F60-4C7F-8FB5-6BAFBC417A68}.Release|Any CPU.ActiveCfg = Release|Any CPU
		{A316853C-7F60-4C7F-8FB5-6BAFBC417A68}.Release|Any CPU.Build.0 = Release|Any CPU
		{A316853C-7F60-4C7F-8FB5-6BAFBC417A68}.Release|Mixed Platforms.ActiveCfg = Release|x86
		{A316853C-7F60-4C7F-8FB5-6BAFBC417A68}.Release|Mixed Platforms.Build.0 = Release|x86
		{A316853C-7F60-4C7F-8FB5-6BAFBC417A68}.Release|x86.ActiveCfg = Release|x86
		{A316853C-7F60-4C7F-8FB5-6BAFBC417A68}.Release|x86.Build.0 = Release|x86
		{F9B60B26-941B-4DC7-892F-57ED1BC8C7D6}.Debug|Any CPU.ActiveCfg = Debug|Any CPU
		{F9B60B26-941B-4DC7-892F-57ED1BC8C7D6}.Debug|Any CPU.Build.0 = Debug|Any CPU
		{F9B60B26-941B-4DC7-892F-57ED1BC8C7D6}.Debug|Mixed Platforms.ActiveCfg = Debug|x86
		{F9B60B26-941B-4DC7-892F-57ED1BC8C7D6}.Debug|Mixed Platforms.Build.0 = Debug|x86
		{F9B60B26-941B-4DC7-892F-57ED1BC8C7D6}.Debug|x86.ActiveCfg = Debug|x86
		{F9B60B26-941B-4DC7-892F-57ED1BC8C7D6}.Debug|x86.Build.0 = Debug|x86
		{F9B60B26-941B-4DC7-892F-57ED1BC8C7D6}.Release|Any CPU.ActiveCfg = Release|Any CPU
		{F9B60B26-941B-4DC7-892F-57ED1BC8C7D6}.Release|Any CPU.Build.0 = Release|Any CPU
		{F9B60B26-941B-4DC7-892F-57ED1BC8C7D6}.Release|Mixed Platforms.ActiveCfg = Release|x86
		{F9B60B26-941B-4DC7-892F-57ED1BC8C7D6}.Release|Mixed Platforms.Build.0 = Release|x86
		{F9B60B26-941B-4DC7-892F-57ED1BC8C7D6}.Release|x86.ActiveCfg = Release|x86
		{F9B60B26-941B-4DC7-892F-57ED1BC8C7D6}.Release|x86.Build.0 = Release|x86
		{5C156196-541B-48DE-96DD-EBDA137D1751}.Debug|Any CPU.ActiveCfg = Debug|Any CPU
		{5C156196-541B-48DE-96DD-EBDA137D1751}.Debug|Any CPU.Build.0 = Debug|Any CPU
		{5C156196-541B-48DE-96DD-EBDA137D1751}.Debug|Mixed Platforms.ActiveCfg = Debug|Any CPU
		{5C156196-541B-48DE-96DD-EBDA137D1751}.Debug|Mixed Platforms.Build.0 = Debug|Any CPU
		{5C156196-541B-48DE-96DD-EBDA137D1751}.Debug|x86.ActiveCfg = Debug|Any CPU
		{5C156196-541B-48DE-96DD-EBDA137D1751}.Debug|x86.Build.0 = Debug|Any CPU
		{5C156196-541B-48DE-96DD-EBDA137D1751}.Release|Any CPU.ActiveCfg = Release|Any CPU
		{5C156196-541B-48DE-96DD-EBDA137D1751}.Release|Any CPU.Build.0 = Release|Any CPU
		{5C156196-541B-48DE-96DD-EBDA137D1751}.Release|Mixed Platforms.ActiveCfg = Release|Any CPU
		{5C156196-541B-48DE-96DD-EBDA137D1751}.Release|Mixed Platforms.Build.0 = Release|Any CPU
		{5C156196-541B-48DE-96DD-EBDA137D1751}.Release|x86.ActiveCfg = Release|Any CPU
		{5C156196-541B-48DE-96DD-EBDA137D1751}.Release|x86.Build.0 = Release|Any CPU
		{28D60DEC-3E5F-4E3F-9990-F00EA2914921}.Debug|Any CPU.ActiveCfg = Debug|Any CPU
		{28D60DEC-3E5F-4E3F-9990-F00EA2914921}.Debug|Any CPU.Build.0 = Debug|Any CPU
		{28D60DEC-3E5F-4E3F-9990-F00EA2914921}.Debug|Mixed Platforms.ActiveCfg = Debug|Any CPU
		{28D60DEC-3E5F-4E3F-9990-F00EA2914921}.Debug|Mixed Platforms.Build.0 = Debug|Any CPU
		{28D60DEC-3E5F-4E3F-9990-F00EA2914921}.Debug|x86.ActiveCfg = Debug|Any CPU
		{28D60DEC-3E5F-4E3F-9990-F00EA2914921}.Debug|x86.Build.0 = Debug|Any CPU
		{28D60DEC-3E5F-4E3F-9990-F00EA2914921}.Release|Any CPU.ActiveCfg = Release|Any CPU
		{28D60DEC-3E5F-4E3F-9990-F00EA2914921}.Release|Any CPU.Build.0 = Release|Any CPU
		{28D60DEC-3E5F-4E3F-9990-F00EA2914921}.Release|Mixed Platforms.ActiveCfg = Release|Any CPU
		{28D60DEC-3E5F-4E3F-9990-F00EA2914921}.Release|Mixed Platforms.Build.0 = Release|Any CPU
		{28D60DEC-3E5F-4E3F-9990-F00EA2914921}.Release|x86.ActiveCfg = Release|Any CPU
		{28D60DEC-3E5F-4E3F-9990-F00EA2914921}.Release|x86.Build.0 = Release|Any CPU
		{33F7D4BA-738E-4DBB-B0B1-B94574C98C7C}.Debug|Any CPU.ActiveCfg = Debug|Any CPU
		{33F7D4BA-738E-4DBB-B0B1-B94574C98C7C}.Debug|Any CPU.Build.0 = Debug|Any CPU
		{33F7D4BA-738E-4DBB-B0B1-B94574C98C7C}.Debug|Mixed Platforms.ActiveCfg = Debug|Any CPU
		{33F7D4BA-738E-4DBB-B0B1-B94574C98C7C}.Debug|Mixed Platforms.Build.0 = Debug|Any CPU
		{33F7D4BA-738E-4DBB-B0B1-B94574C98C7C}.Debug|x86.ActiveCfg = Debug|Any CPU
		{33F7D4BA-738E-4DBB-B0B1-B94574C98C7C}.Debug|x86.Build.0 = Debug|Any CPU
		{33F7D4BA-738E-4DBB-B0B1-B94574C98C7C}.Release|Any CPU.ActiveCfg = Release|Any CPU
		{33F7D4BA-738E-4DBB-B0B1-B94574C98C7C}.Release|Any CPU.Build.0 = Release|Any CPU
		{33F7D4BA-738E-4DBB-B0B1-B94574C98C7C}.Release|Mixed Platforms.ActiveCfg = Release|Any CPU
		{33F7D4BA-738E-4DBB-B0B1-B94574C98C7C}.Release|Mixed Platforms.Build.0 = Release|Any CPU
		{33F7D4BA-738E-4DBB-B0B1-B94574C98C7C}.Release|x86.ActiveCfg = Release|Any CPU
		{33F7D4BA-738E-4DBB-B0B1-B94574C98C7C}.Release|x86.Build.0 = Release|Any CPU
		{4DC31792-DB9F-4A7E-9454-473A030076DB}.Debug|Any CPU.ActiveCfg = Debug|Any CPU
		{4DC31792-DB9F-4A7E-9454-473A030076DB}.Debug|Any CPU.Build.0 = Debug|Any CPU
		{4DC31792-DB9F-4A7E-9454-473A030076DB}.Debug|Mixed Platforms.ActiveCfg = Debug|x86
		{4DC31792-DB9F-4A7E-9454-473A030076DB}.Debug|Mixed Platforms.Build.0 = Debug|x86
		{4DC31792-DB9F-4A7E-9454-473A030076DB}.Debug|x86.ActiveCfg = Debug|x86
		{4DC31792-DB9F-4A7E-9454-473A030076DB}.Debug|x86.Build.0 = Debug|x86
		{4DC31792-DB9F-4A7E-9454-473A030076DB}.Release|Any CPU.ActiveCfg = Release|Any CPU
		{4DC31792-DB9F-4A7E-9454-473A030076DB}.Release|Any CPU.Build.0 = Release|Any CPU
		{4DC31792-DB9F-4A7E-9454-473A030076DB}.Release|Mixed Platforms.ActiveCfg = Release|x86
		{4DC31792-DB9F-4A7E-9454-473A030076DB}.Release|Mixed Platforms.Build.0 = Release|x86
		{4DC31792-DB9F-4A7E-9454-473A030076DB}.Release|x86.ActiveCfg = Release|x86
		{4DC31792-DB9F-4A7E-9454-473A030076DB}.Release|x86.Build.0 = Release|x86
		{965642A6-D458-4A44-B5E6-3BAED9E8470E}.Debug|Any CPU.ActiveCfg = Debug|x86
		{965642A6-D458-4A44-B5E6-3BAED9E8470E}.Debug|Mixed Platforms.ActiveCfg = Debug|x86
		{965642A6-D458-4A44-B5E6-3BAED9E8470E}.Debug|Mixed Platforms.Build.0 = Debug|x86
		{965642A6-D458-4A44-B5E6-3BAED9E8470E}.Debug|x86.ActiveCfg = Debug|x86
		{965642A6-D458-4A44-B5E6-3BAED9E8470E}.Debug|x86.Build.0 = Debug|x86
		{965642A6-D458-4A44-B5E6-3BAED9E8470E}.Release|Any CPU.ActiveCfg = Release|x86
		{965642A6-D458-4A44-B5E6-3BAED9E8470E}.Release|Mixed Platforms.ActiveCfg = Release|x86
		{965642A6-D458-4A44-B5E6-3BAED9E8470E}.Release|Mixed Platforms.Build.0 = Release|x86
		{965642A6-D458-4A44-B5E6-3BAED9E8470E}.Release|x86.ActiveCfg = Release|x86
		{965642A6-D458-4A44-B5E6-3BAED9E8470E}.Release|x86.Build.0 = Release|x86
	EndGlobalSection
	GlobalSection(SolutionProperties) = preSolution
		HideSolutionNode = FALSE
	EndGlobalSection
EndGlobal
